// !$*UTF8*$!
{
	archiveVersion = 1;
	classes = {
	};
	objectVersion = 50;
	objects = {

/* Begin PBXBuildFile section */
		5F40C12621E78FD800E6F309 /* main.c in Sources */ = {isa = PBXBuildFile; fileRef = 5FAF0C5A21E729EC00C28BB7 /* main.c */; };
		5F40C12721E78FE000E6F309 /* log.c in Sources */ = {isa = PBXBuildFile; fileRef = 5F99C04921D5CDEB007A8482 /* log.c */; };
		5F40C12821E78FE300E6F309 /* node.c in Sources */ = {isa = PBXBuildFile; fileRef = 5F99C05B21D5CDEB007A8482 /* node.c */; };
		5F40C12921E78FE800E6F309 /* utils.c in Sources */ = {isa = PBXBuildFile; fileRef = 5F99C05321D5CDEB007A8482 /* utils.c */; };
		5F40C12A21E78FE800E6F309 /* time.c in Sources */ = {isa = PBXBuildFile; fileRef = 5F99C05421D5CDEB007A8482 /* time.c */; };
		5F40C12B21E78FE800E6F309 /* cluster.c in Sources */ = {isa = PBXBuildFile; fileRef = 5F99C05521D5CDEB007A8482 /* cluster.c */; };
		5F40C12C21E78FE800E6F309 /* repair.c in Sources */ = {isa = PBXBuildFile; fileRef = 5F99C05621D5CDEB007A8482 /* repair.c */; };
		5F40C12D21E78FE800E6F309 /* utf.c in Sources */ = {isa = PBXBuildFile; fileRef = 5F99C05721D5CDEB007A8482 /* utf.c */; };
		5F40C12E21E78FEC00E6F309 /* io.c in Sources */ = {isa = PBXBuildFile; fileRef = 5F99C04E21D5CDEB007A8482 /* io.c */; };
		5F40C12F21E78FEC00E6F309 /* mount.c in Sources */ = {isa = PBXBuildFile; fileRef = 5F99C04F21D5CDEB007A8482 /* mount.c */; };
		5F40C13021E78FEF00E6F309 /* lookup.c in Sources */ = {isa = PBXBuildFile; fileRef = 5F99C04B21D5CDEB007A8482 /* lookup.c */; };
		5F6C032321DDC642009F3609 /* log.c in Sources */ = {isa = PBXBuildFile; fileRef = 5F99C04921D5CDEB007A8482 /* log.c */; };
		5F6C032421DDC649009F3609 /* lookup.c in Sources */ = {isa = PBXBuildFile; fileRef = 5F99C04B21D5CDEB007A8482 /* lookup.c */; };
		5F6C032521DDC64C009F3609 /* io.c in Sources */ = {isa = PBXBuildFile; fileRef = 5F99C04E21D5CDEB007A8482 /* io.c */; };
		5F6C032621DDC64E009F3609 /* mount.c in Sources */ = {isa = PBXBuildFile; fileRef = 5F99C04F21D5CDEB007A8482 /* mount.c */; };
		5F6C032721DDC652009F3609 /* utils.c in Sources */ = {isa = PBXBuildFile; fileRef = 5F99C05321D5CDEB007A8482 /* utils.c */; };
		5F6C032821DDC654009F3609 /* time.c in Sources */ = {isa = PBXBuildFile; fileRef = 5F99C05421D5CDEB007A8482 /* time.c */; };
		5F6C032921DDC656009F3609 /* cluster.c in Sources */ = {isa = PBXBuildFile; fileRef = 5F99C05521D5CDEB007A8482 /* cluster.c */; };
		5F6C032A21DDC659009F3609 /* repair.c in Sources */ = {isa = PBXBuildFile; fileRef = 5F99C05621D5CDEB007A8482 /* repair.c */; };
		5F6C032B21DDC65C009F3609 /* utf.c in Sources */ = {isa = PBXBuildFile; fileRef = 5F99C05721D5CDEB007A8482 /* utf.c */; };
		5F6C032C21DDC65F009F3609 /* node.c in Sources */ = {isa = PBXBuildFile; fileRef = 5F99C05B21D5CDEB007A8482 /* node.c */; };
		5F6C032D21DDC663009F3609 /* main.c in Sources */ = {isa = PBXBuildFile; fileRef = 5F99C07F21D5CDEB007A8482 /* main.c */; };
/* End PBXBuildFile section */

/* Begin PBXCopyFilesBuildPhase section */
		5F40C11D21E78F1000E6F309 /* CopyFiles */ = {
			isa = PBXCopyFilesBuildPhase;
			buildActionMask = 2147483647;
			dstPath = /usr/share/man/man1/;
			dstSubfolderSpec = 0;
			files = (
			);
			runOnlyForDeploymentPostprocessing = 1;
		};
		5F6C031921DDC638009F3609 /* CopyFiles */ = {
			isa = PBXCopyFilesBuildPhase;
			buildActionMask = 2147483647;
			dstPath = /usr/share/man/man1/;
			dstSubfolderSpec = 0;
			files = (
			);
			runOnlyForDeploymentPostprocessing = 1;
		};
/* End PBXCopyFilesBuildPhase section */

/* Begin PBXFileReference section */
		5F40C11F21E78F1000E6F309 /* denukify */ = {isa = PBXFileReference; explicitFileType = "compiled.mach-o.executable"; includeInIndex = 0; path = denukify; sourceTree = BUILT_PRODUCTS_DIR; };
		5F6C031B21DDC638009F3609 /* nuked */ = {isa = PBXFileReference; explicitFileType = "compiled.mach-o.executable"; includeInIndex = 0; path = nuked; sourceTree = BUILT_PRODUCTS_DIR; };
		5F99C03D21D5CDEB007A8482 /* dumpexfat.8 */ = {isa = PBXFileReference; fileEncoding = 4; lastKnownFileType = text; path = dumpexfat.8; sourceTree = "<group>"; };
		5F99C03E21D5CDEB007A8482 /* Makefile.am */ = {isa = PBXFileReference; fileEncoding = 4; lastKnownFileType = text; path = Makefile.am; sourceTree = "<group>"; };
		5F99C03F21D5CDEB007A8482 /* main.c */ = {isa = PBXFileReference; fileEncoding = 4; lastKnownFileType = sourcecode.c.c; path = main.c; sourceTree = "<group>"; };
		5F99C04321D5CDEB007A8482 /* exfatlabel.8 */ = {isa = PBXFileReference; fileEncoding = 4; lastKnownFileType = text; path = exfatlabel.8; sourceTree = "<group>"; };
		5F99C04421D5CDEB007A8482 /* Makefile.am */ = {isa = PBXFileReference; fileEncoding = 4; lastKnownFileType = text; path = Makefile.am; sourceTree = "<group>"; };
		5F99C04521D5CDEB007A8482 /* main.c */ = {isa = PBXFileReference; fileEncoding = 4; lastKnownFileType = sourcecode.c.c; path = main.c; sourceTree = "<group>"; };
		5F99C04921D5CDEB007A8482 /* log.c */ = {isa = PBXFileReference; fileEncoding = 4; lastKnownFileType = sourcecode.c.c; path = log.c; sourceTree = "<group>"; };
		5F99C04A21D5CDEB007A8482 /* exfatfs.h */ = {isa = PBXFileReference; fileEncoding = 4; lastKnownFileType = sourcecode.c.h; path = exfatfs.h; sourceTree = "<group>"; };
		5F99C04B21D5CDEB007A8482 /* lookup.c */ = {isa = PBXFileReference; fileEncoding = 4; lastKnownFileType = sourcecode.c.c; path = lookup.c; sourceTree = "<group>"; };
		5F99C04C21D5CDEB007A8482 /* compiler.h */ = {isa = PBXFileReference; fileEncoding = 4; lastKnownFileType = sourcecode.c.h; path = compiler.h; sourceTree = "<group>"; };
		5F99C04D21D5CDEB007A8482 /* byteorder.h */ = {isa = PBXFileReference; fileEncoding = 4; lastKnownFileType = sourcecode.c.h; path = byteorder.h; sourceTree = "<group>"; };
		5F99C04E21D5CDEB007A8482 /* io.c */ = {isa = PBXFileReference; fileEncoding = 4; lastKnownFileType = sourcecode.c.c; path = io.c; sourceTree = "<group>"; };
		5F99C04F21D5CDEB007A8482 /* mount.c */ = {isa = PBXFileReference; fileEncoding = 4; lastKnownFileType = sourcecode.c.c; path = mount.c; sourceTree = "<group>"; };
		5F99C05121D5CDEB007A8482 /* Makefile.am */ = {isa = PBXFileReference; fileEncoding = 4; lastKnownFileType = text; path = Makefile.am; sourceTree = "<group>"; };
		5F99C05221D5CDEB007A8482 /* exfat.h */ = {isa = PBXFileReference; fileEncoding = 4; lastKnownFileType = sourcecode.c.h; path = exfat.h; sourceTree = "<group>"; };
		5F99C05321D5CDEB007A8482 /* utils.c */ = {isa = PBXFileReference; fileEncoding = 4; lastKnownFileType = sourcecode.c.c; path = utils.c; sourceTree = "<group>"; };
		5F99C05421D5CDEB007A8482 /* time.c */ = {isa = PBXFileReference; fileEncoding = 4; lastKnownFileType = sourcecode.c.c; path = time.c; sourceTree = "<group>"; };
		5F99C05521D5CDEB007A8482 /* cluster.c */ = {isa = PBXFileReference; fileEncoding = 4; lastKnownFileType = sourcecode.c.c; path = cluster.c; sourceTree = "<group>"; };
		5F99C05621D5CDEB007A8482 /* repair.c */ = {isa = PBXFileReference; fileEncoding = 4; lastKnownFileType = sourcecode.c.c; path = repair.c; sourceTree = "<group>"; };
		5F99C05721D5CDEB007A8482 /* utf.c */ = {isa = PBXFileReference; fileEncoding = 4; lastKnownFileType = sourcecode.c.c; path = utf.c; sourceTree = "<group>"; };
		5F99C05A21D5CDEB007A8482 /* platform.h */ = {isa = PBXFileReference; fileEncoding = 4; lastKnownFileType = sourcecode.c.h; path = platform.h; sourceTree = "<group>"; };
		5F99C05B21D5CDEB007A8482 /* node.c */ = {isa = PBXFileReference; fileEncoding = 4; lastKnownFileType = sourcecode.c.c; path = node.c; sourceTree = "<group>"; };
		5F99C05D21D5CDEB007A8482 /* mkexfat.h */ = {isa = PBXFileReference; fileEncoding = 4; lastKnownFileType = sourcecode.c.h; path = mkexfat.h; sourceTree = "<group>"; };
		5F99C05E21D5CDEB007A8482 /* uct.h */ = {isa = PBXFileReference; fileEncoding = 4; lastKnownFileType = sourcecode.c.h; path = uct.h; sourceTree = "<group>"; };
		5F99C05F21D5CDEB007A8482 /* mkexfatfs.8 */ = {isa = PBXFileReference; fileEncoding = 4; lastKnownFileType = text; path = mkexfatfs.8; sourceTree = "<group>"; };
		5F99C06021D5CDEB007A8482 /* vbr.c */ = {isa = PBXFileReference; fileEncoding = 4; lastKnownFileType = sourcecode.c.c; path = vbr.c; sourceTree = "<group>"; };
		5F99C06121D5CDEB007A8482 /* uctc.h */ = {isa = PBXFileReference; fileEncoding = 4; lastKnownFileType = sourcecode.c.h; path = uctc.h; sourceTree = "<group>"; };
		5F99C06221D5CDEB007A8482 /* cbm.c */ = {isa = PBXFileReference; fileEncoding = 4; lastKnownFileType = sourcecode.c.c; path = cbm.c; sourceTree = "<group>"; };
		5F99C06321D5CDEB007A8482 /* rootdir.c */ = {isa = PBXFileReference; fileEncoding = 4; lastKnownFileType = sourcecode.c.c; path = rootdir.c; sourceTree = "<group>"; };
		5F99C06421D5CDEB007A8482 /* fat.c */ = {isa = PBXFileReference; fileEncoding = 4; lastKnownFileType = sourcecode.c.c; path = fat.c; sourceTree = "<group>"; };
		5F99C06521D5CDEB007A8482 /* uct.c */ = {isa = PBXFileReference; fileEncoding = 4; lastKnownFileType = sourcecode.c.c; path = uct.c; sourceTree = "<group>"; };
		5F99C06621D5CDEB007A8482 /* Makefile.am */ = {isa = PBXFileReference; fileEncoding = 4; lastKnownFileType = text; path = Makefile.am; sourceTree = "<group>"; };
		5F99C06721D5CDEB007A8482 /* mkexfat.c */ = {isa = PBXFileReference; fileEncoding = 4; lastKnownFileType = sourcecode.c.c; path = mkexfat.c; sourceTree = "<group>"; };
		5F99C06821D5CDEB007A8482 /* main.c */ = {isa = PBXFileReference; fileEncoding = 4; lastKnownFileType = sourcecode.c.c; path = main.c; sourceTree = "<group>"; };
		5F99C06921D5CDEB007A8482 /* vbr.h */ = {isa = PBXFileReference; fileEncoding = 4; lastKnownFileType = sourcecode.c.h; path = vbr.h; sourceTree = "<group>"; };
		5F99C06A21D5CDEB007A8482 /* cbm.h */ = {isa = PBXFileReference; fileEncoding = 4; lastKnownFileType = sourcecode.c.h; path = cbm.h; sourceTree = "<group>"; };
		5F99C06B21D5CDEB007A8482 /* uctc.c */ = {isa = PBXFileReference; fileEncoding = 4; lastKnownFileType = sourcecode.c.c; path = uctc.c; sourceTree = "<group>"; };
		5F99C06E21D5CDEB007A8482 /* rootdir.h */ = {isa = PBXFileReference; fileEncoding = 4; lastKnownFileType = sourcecode.c.h; path = rootdir.h; sourceTree = "<group>"; };
		5F99C06F21D5CDEB007A8482 /* fat.h */ = {isa = PBXFileReference; fileEncoding = 4; lastKnownFileType = sourcecode.c.h; path = fat.h; sourceTree = "<group>"; };
		5F99C07121D5CDEB007A8482 /* Makefile.am */ = {isa = PBXFileReference; fileEncoding = 4; lastKnownFileType = text; path = Makefile.am; sourceTree = "<group>"; };
		5F99C07221D5CDEB007A8482 /* main.c */ = {isa = PBXFileReference; fileEncoding = 4; lastKnownFileType = sourcecode.c.c; path = main.c; sourceTree = "<group>"; };
		5F99C07321D5CDEB007A8482 /* exfatfsck.8 */ = {isa = PBXFileReference; fileEncoding = 4; lastKnownFileType = text; path = exfatfsck.8; sourceTree = "<group>"; };
		5F99C07721D5CDEB007A8482 /* mount.exfat-fuse.8 */ = {isa = PBXFileReference; fileEncoding = 4; lastKnownFileType = text; path = "mount.exfat-fuse.8"; sourceTree = "<group>"; };
		5F99C07821D5CDEB007A8482 /* Makefile.am */ = {isa = PBXFileReference; fileEncoding = 4; lastKnownFileType = text; path = Makefile.am; sourceTree = "<group>"; };
		5F99C07921D5CDEB007A8482 /* main.c */ = {isa = PBXFileReference; fileEncoding = 4; lastKnownFileType = sourcecode.c.c; path = main.c; sourceTree = "<group>"; };
		5F99C07D21D5CDEB007A8482 /* Makefile.am */ = {isa = PBXFileReference; fileEncoding = 4; lastKnownFileType = text; path = Makefile.am; sourceTree = "<group>"; };
		5F99C07E21D5CDEB007A8482 /* nukedexfat.8 */ = {isa = PBXFileReference; fileEncoding = 4; lastKnownFileType = text; path = nukedexfat.8; sourceTree = "<group>"; };
		5F99C07F21D5CDEB007A8482 /* main.c */ = {isa = PBXFileReference; fileEncoding = 4; lastKnownFileType = sourcecode.c.c; path = main.c; sourceTree = "<group>"; };
		5F99C08021D5CE3F007A8482 /* configure.ac */ = {isa = PBXFileReference; fileEncoding = 4; lastKnownFileType = text; path = configure.ac; sourceTree = "<group>"; };
		5F99C08121D5CE3F007A8482 /* Android.bp */ = {isa = PBXFileReference; fileEncoding = 4; lastKnownFileType = text; path = Android.bp; sourceTree = "<group>"; };
		5F99C08221D5CE3F007A8482 /* ChangeLog */ = {isa = PBXFileReference; fileEncoding = 4; lastKnownFileType = text; path = ChangeLog; sourceTree = "<group>"; };
		5F99C08321D5CE3F007A8482 /* Makefile.am */ = {isa = PBXFileReference; fileEncoding = 4; lastKnownFileType = text; path = Makefile.am; sourceTree = "<group>"; };
		5F99C08421D5CE3F007A8482 /* CMakeLists.txt */ = {isa = PBXFileReference; fileEncoding = 4; lastKnownFileType = text; path = CMakeLists.txt; sourceTree = "<group>"; };
		5F99C08521D5CE3F007A8482 /* COPYING */ = {isa = PBXFileReference; fileEncoding = 4; lastKnownFileType = text; path = COPYING; sourceTree = "<group>"; };
		5F99C08621D5CE40007A8482 /* README.md */ = {isa = PBXFileReference; fileEncoding = 4; lastKnownFileType = net.daringfireball.markdown; path = README.md; sourceTree = "<group>"; };
		5FAF0C5821E729EC00C28BB7 /* denukify.8 */ = {isa = PBXFileReference; fileEncoding = 4; lastKnownFileType = text; path = denukify.8; sourceTree = "<group>"; };
		5FAF0C5921E729EC00C28BB7 /* Makefile.am */ = {isa = PBXFileReference; fileEncoding = 4; lastKnownFileType = text; path = Makefile.am; sourceTree = "<group>"; };
		5FAF0C5A21E729EC00C28BB7 /* main.c */ = {isa = PBXFileReference; fileEncoding = 4; lastKnownFileType = sourcecode.c.c; path = main.c; sourceTree = "<group>"; };
/* End PBXFileReference section */

/* Begin PBXFrameworksBuildPhase section */
		5F40C11C21E78F1000E6F309 /* Frameworks */ = {
			isa = PBXFrameworksBuildPhase;
			buildActionMask = 2147483647;
			files = (
			);
			runOnlyForDeploymentPostprocessing = 0;
		};
		5F6C031821DDC638009F3609 /* Frameworks */ = {
			isa = PBXFrameworksBuildPhase;
			buildActionMask = 2147483647;
			files = (
			);
			runOnlyForDeploymentPostprocessing = 0;
		};
/* End PBXFrameworksBuildPhase section */

/* Begin PBXGroup section */
		5F2E2EEB21D5CB1C007A8482 = {
			isa = PBXGroup;
			children = (
				5FAF0C5721E729EC00C28BB7 /* denukify */,
				5F99C08121D5CE3F007A8482 /* Android.bp */,
				5F99C08221D5CE3F007A8482 /* ChangeLog */,
				5F99C08421D5CE3F007A8482 /* CMakeLists.txt */,
				5F99C08021D5CE3F007A8482 /* configure.ac */,
				5F99C08521D5CE3F007A8482 /* COPYING */,
				5F99C08321D5CE3F007A8482 /* Makefile.am */,
				5F99C08621D5CE40007A8482 /* README.md */,
				5F99C03C21D5CDEB007A8482 /* dump */,
				5F99C07021D5CDEB007A8482 /* fsck */,
				5F99C07621D5CDEB007A8482 /* fuse */,
				5F99C04221D5CDEB007A8482 /* label */,
				5F99C04821D5CDEB007A8482 /* libexfat */,
				5F99C05C21D5CDEB007A8482 /* mkfs */,
				5F99C07C21D5CDEB007A8482 /* nuked */,
				5F6C031C21DDC638009F3609 /* Products */,
			);
			sourceTree = "<group>";
		};
		5F6C031C21DDC638009F3609 /* Products */ = {
			isa = PBXGroup;
			children = (
				5F6C031B21DDC638009F3609 /* nuked */,
				5F40C11F21E78F1000E6F309 /* denukify */,
			);
			name = Products;
			sourceTree = "<group>";
		};
		5F99C03C21D5CDEB007A8482 /* dump */ = {
			isa = PBXGroup;
			children = (
				5F99C03D21D5CDEB007A8482 /* dumpexfat.8 */,
				5F99C03E21D5CDEB007A8482 /* Makefile.am */,
				5F99C03F21D5CDEB007A8482 /* main.c */,
			);
			path = dump;
			sourceTree = "<group>";
		};
		5F99C04221D5CDEB007A8482 /* label */ = {
			isa = PBXGroup;
			children = (
				5F99C04321D5CDEB007A8482 /* exfatlabel.8 */,
				5F99C04421D5CDEB007A8482 /* Makefile.am */,
				5F99C04521D5CDEB007A8482 /* main.c */,
			);
			path = label;
			sourceTree = "<group>";
		};
		5F99C04821D5CDEB007A8482 /* libexfat */ = {
			isa = PBXGroup;
			children = (
				5F99C04921D5CDEB007A8482 /* log.c */,
				5F99C04A21D5CDEB007A8482 /* exfatfs.h */,
				5F99C04B21D5CDEB007A8482 /* lookup.c */,
				5F99C04C21D5CDEB007A8482 /* compiler.h */,
				5F99C04D21D5CDEB007A8482 /* byteorder.h */,
				5F99C04E21D5CDEB007A8482 /* io.c */,
				5F99C04F21D5CDEB007A8482 /* mount.c */,
				5F99C05121D5CDEB007A8482 /* Makefile.am */,
				5F99C05221D5CDEB007A8482 /* exfat.h */,
				5F99C05321D5CDEB007A8482 /* utils.c */,
				5F99C05421D5CDEB007A8482 /* time.c */,
				5F99C05521D5CDEB007A8482 /* cluster.c */,
				5F99C05621D5CDEB007A8482 /* repair.c */,
				5F99C05721D5CDEB007A8482 /* utf.c */,
				5F99C05A21D5CDEB007A8482 /* platform.h */,
				5F99C05B21D5CDEB007A8482 /* node.c */,
			);
			path = libexfat;
			sourceTree = "<group>";
		};
		5F99C05C21D5CDEB007A8482 /* mkfs */ = {
			isa = PBXGroup;
			children = (
				5F99C05D21D5CDEB007A8482 /* mkexfat.h */,
				5F99C05E21D5CDEB007A8482 /* uct.h */,
				5F99C05F21D5CDEB007A8482 /* mkexfatfs.8 */,
				5F99C06021D5CDEB007A8482 /* vbr.c */,
				5F99C06121D5CDEB007A8482 /* uctc.h */,
				5F99C06221D5CDEB007A8482 /* cbm.c */,
				5F99C06321D5CDEB007A8482 /* rootdir.c */,
				5F99C06421D5CDEB007A8482 /* fat.c */,
				5F99C06521D5CDEB007A8482 /* uct.c */,
				5F99C06621D5CDEB007A8482 /* Makefile.am */,
				5F99C06721D5CDEB007A8482 /* mkexfat.c */,
				5F99C06821D5CDEB007A8482 /* main.c */,
				5F99C06921D5CDEB007A8482 /* vbr.h */,
				5F99C06A21D5CDEB007A8482 /* cbm.h */,
				5F99C06B21D5CDEB007A8482 /* uctc.c */,
				5F99C06E21D5CDEB007A8482 /* rootdir.h */,
				5F99C06F21D5CDEB007A8482 /* fat.h */,
			);
			path = mkfs;
			sourceTree = "<group>";
		};
		5F99C07021D5CDEB007A8482 /* fsck */ = {
			isa = PBXGroup;
			children = (
				5F99C07121D5CDEB007A8482 /* Makefile.am */,
				5F99C07221D5CDEB007A8482 /* main.c */,
				5F99C07321D5CDEB007A8482 /* exfatfsck.8 */,
			);
			path = fsck;
			sourceTree = "<group>";
		};
		5F99C07621D5CDEB007A8482 /* fuse */ = {
			isa = PBXGroup;
			children = (
				5F99C07721D5CDEB007A8482 /* mount.exfat-fuse.8 */,
				5F99C07821D5CDEB007A8482 /* Makefile.am */,
				5F99C07921D5CDEB007A8482 /* main.c */,
			);
			path = fuse;
			sourceTree = "<group>";
		};
		5F99C07C21D5CDEB007A8482 /* nuked */ = {
			isa = PBXGroup;
			children = (
				5F99C07D21D5CDEB007A8482 /* Makefile.am */,
				5F99C07E21D5CDEB007A8482 /* nukedexfat.8 */,
				5F99C07F21D5CDEB007A8482 /* main.c */,
			);
			path = nuked;
			sourceTree = "<group>";
		};
		5FAF0C5721E729EC00C28BB7 /* denukify */ = {
			isa = PBXGroup;
			children = (
				5FAF0C5821E729EC00C28BB7 /* denukify.8 */,
				5FAF0C5921E729EC00C28BB7 /* Makefile.am */,
				5FAF0C5A21E729EC00C28BB7 /* main.c */,
				5FAF0C5B21E729EC00C28BB7 /* .deps */,
			);
			path = denukify;
			sourceTree = "<group>";
		};
		5FAF0C5B21E729EC00C28BB7 /* .deps */ = {
			isa = PBXGroup;
			children = (
			);
			path = .deps;
			sourceTree = "<group>";
		};
/* End PBXGroup section */

/* Begin PBXLegacyTarget section */
		5F2E2EF021D5CB1C007A8482 /* NuclearHolocaust */ = {
			isa = PBXLegacyTarget;
			buildArgumentsString = "$(ACTION)";
			buildConfigurationList = 5F2E2EF321D5CB1C007A8482 /* Build configuration list for PBXLegacyTarget "NuclearHolocaust" */;
			buildPhases = (
			);
			buildToolPath = /usr/bin/make;
			dependencies = (
			);
			name = NuclearHolocaust;
			passBuildSettingsInEnvironment = 1;
			productName = NuclearHolocaust;
		};
/* End PBXLegacyTarget section */

/* Begin PBXNativeTarget section */
		5F40C11E21E78F1000E6F309 /* denukify */ = {
			isa = PBXNativeTarget;
			buildConfigurationList = 5F40C12521E78F1000E6F309 /* Build configuration list for PBXNativeTarget "denukify" */;
			buildPhases = (
				5F40C11B21E78F1000E6F309 /* Sources */,
				5F40C11C21E78F1000E6F309 /* Frameworks */,
				5F40C11D21E78F1000E6F309 /* CopyFiles */,
			);
			buildRules = (
			);
			dependencies = (
			);
			name = denukify;
			productName = denukify;
			productReference = 5F40C11F21E78F1000E6F309 /* denukify */;
			productType = "com.apple.product-type.tool";
		};
		5F6C031A21DDC638009F3609 /* nuked */ = {
			isa = PBXNativeTarget;
			buildConfigurationList = 5F6C032221DDC638009F3609 /* Build configuration list for PBXNativeTarget "nuked" */;
			buildPhases = (
				5F6C031721DDC638009F3609 /* Sources */,
				5F6C031821DDC638009F3609 /* Frameworks */,
				5F6C031921DDC638009F3609 /* CopyFiles */,
			);
			buildRules = (
			);
			dependencies = (
			);
			name = nuked;
			productName = nuked;
			productReference = 5F6C031B21DDC638009F3609 /* nuked */;
			productType = "com.apple.product-type.tool";
		};
/* End PBXNativeTarget section */

/* Begin PBXProject section */
		5F2E2EEC21D5CB1C007A8482 /* Project object */ = {
			isa = PBXProject;
			attributes = {
				LastUpgradeCheck = 1010;
				ORGANIZATIONNAME = "Paul Ciarlo";
				TargetAttributes = {
					5F2E2EF021D5CB1C007A8482 = {
						CreatedOnToolsVersion = 10.1;
					};
					5F40C11E21E78F1000E6F309 = {
						CreatedOnToolsVersion = 10.1;
					};
					5F6C031A21DDC638009F3609 = {
						CreatedOnToolsVersion = 10.1;
					};
				};
			};
			buildConfigurationList = 5F2E2EEF21D5CB1C007A8482 /* Build configuration list for PBXProject "NuclearHolocaust" */;
			compatibilityVersion = "Xcode 9.3";
			developmentRegion = en;
			hasScannedForEncodings = 0;
			knownRegions = (
				en,
			);
			mainGroup = 5F2E2EEB21D5CB1C007A8482;
			productRefGroup = 5F6C031C21DDC638009F3609 /* Products */;
			projectDirPath = "";
			projectRoot = "";
			targets = (
				5F2E2EF021D5CB1C007A8482 /* NuclearHolocaust */,
				5F6C031A21DDC638009F3609 /* nuked */,
				5F40C11E21E78F1000E6F309 /* denukify */,
			);
		};
/* End PBXProject section */

/* Begin PBXSourcesBuildPhase section */
		5F40C11B21E78F1000E6F309 /* Sources */ = {
			isa = PBXSourcesBuildPhase;
			buildActionMask = 2147483647;
			files = (
				5F40C12B21E78FE800E6F309 /* cluster.c in Sources */,
				5F40C12C21E78FE800E6F309 /* repair.c in Sources */,
				5F40C12A21E78FE800E6F309 /* time.c in Sources */,
				5F40C12721E78FE000E6F309 /* log.c in Sources */,
				5F40C12921E78FE800E6F309 /* utils.c in Sources */,
				5F40C12F21E78FEC00E6F309 /* mount.c in Sources */,
				5F40C12D21E78FE800E6F309 /* utf.c in Sources */,
				5F40C12621E78FD800E6F309 /* main.c in Sources */,
				5F40C12E21E78FEC00E6F309 /* io.c in Sources */,
				5F40C13021E78FEF00E6F309 /* lookup.c in Sources */,
				5F40C12821E78FE300E6F309 /* node.c in Sources */,
			);
			runOnlyForDeploymentPostprocessing = 0;
		};
		5F6C031721DDC638009F3609 /* Sources */ = {
			isa = PBXSourcesBuildPhase;
			buildActionMask = 2147483647;
			files = (
				5F6C032C21DDC65F009F3609 /* node.c in Sources */,
				5F6C032821DDC654009F3609 /* time.c in Sources */,
				5F6C032621DDC64E009F3609 /* mount.c in Sources */,
				5F6C032A21DDC659009F3609 /* repair.c in Sources */,
				5F6C032321DDC642009F3609 /* log.c in Sources */,
				5F6C032521DDC64C009F3609 /* io.c in Sources */,
				5F6C032921DDC656009F3609 /* cluster.c in Sources */,
				5F6C032721DDC652009F3609 /* utils.c in Sources */,
				5F6C032D21DDC663009F3609 /* main.c in Sources */,
				5F6C032B21DDC65C009F3609 /* utf.c in Sources */,
				5F6C032421DDC649009F3609 /* lookup.c in Sources */,
			);
			runOnlyForDeploymentPostprocessing = 0;
		};
/* End PBXSourcesBuildPhase section */

/* Begin XCBuildConfiguration section */
		5F2E2EF121D5CB1C007A8482 /* Debug */ = {
			isa = XCBuildConfiguration;
			buildSettings = {
				ALWAYS_SEARCH_USER_PATHS = NO;
				CLANG_ANALYZER_NONNULL = YES;
				CLANG_ANALYZER_NUMBER_OBJECT_CONVERSION = YES_AGGRESSIVE;
				CLANG_CXX_LANGUAGE_STANDARD = "gnu++14";
				CLANG_CXX_LIBRARY = "libc++";
				CLANG_ENABLE_MODULES = YES;
				CLANG_ENABLE_OBJC_ARC = YES;
				CLANG_ENABLE_OBJC_WEAK = YES;
				CLANG_WARN_BLOCK_CAPTURE_AUTORELEASING = YES;
				CLANG_WARN_BOOL_CONVERSION = YES;
				CLANG_WARN_COMMA = YES;
				CLANG_WARN_CONSTANT_CONVERSION = YES;
				CLANG_WARN_DEPRECATED_OBJC_IMPLEMENTATIONS = YES;
				CLANG_WARN_DIRECT_OBJC_ISA_USAGE = YES_ERROR;
				CLANG_WARN_DOCUMENTATION_COMMENTS = YES;
				CLANG_WARN_EMPTY_BODY = YES;
				CLANG_WARN_ENUM_CONVERSION = YES;
				CLANG_WARN_INFINITE_RECURSION = YES;
				CLANG_WARN_INT_CONVERSION = YES;
				CLANG_WARN_NON_LITERAL_NULL_CONVERSION = YES;
				CLANG_WARN_OBJC_IMPLICIT_RETAIN_SELF = YES;
				CLANG_WARN_OBJC_LITERAL_CONVERSION = YES;
				CLANG_WARN_OBJC_ROOT_CLASS = YES_ERROR;
				CLANG_WARN_RANGE_LOOP_ANALYSIS = YES;
				CLANG_WARN_STRICT_PROTOTYPES = YES;
				CLANG_WARN_SUSPICIOUS_MOVE = YES;
				CLANG_WARN_UNGUARDED_AVAILABILITY = YES_AGGRESSIVE;
				CLANG_WARN_UNREACHABLE_CODE = YES;
				CLANG_WARN__DUPLICATE_METHOD_MATCH = YES;
				COPY_PHASE_STRIP = NO;
				DEBUG_INFORMATION_FORMAT = dwarf;
				ENABLE_STRICT_OBJC_MSGSEND = YES;
				ENABLE_TESTABILITY = YES;
				GCC_C_LANGUAGE_STANDARD = gnu11;
				GCC_DYNAMIC_NO_PIC = NO;
				GCC_NO_COMMON_BLOCKS = YES;
				GCC_OPTIMIZATION_LEVEL = 0;
				GCC_PREPROCESSOR_DEFINITIONS = (
					"DEBUG=1",
					"$(inherited)",
				);
				GCC_WARN_64_TO_32_BIT_CONVERSION = YES;
				GCC_WARN_ABOUT_RETURN_TYPE = YES_ERROR;
				GCC_WARN_UNDECLARED_SELECTOR = YES;
				GCC_WARN_UNINITIALIZED_AUTOS = YES_AGGRESSIVE;
				GCC_WARN_UNUSED_FUNCTION = YES;
				GCC_WARN_UNUSED_VARIABLE = YES;
				MTL_ENABLE_DEBUG_INFO = INCLUDE_SOURCE;
				MTL_FAST_MATH = YES;
				ONLY_ACTIVE_ARCH = YES;
			};
			name = Debug;
		};
		5F2E2EF221D5CB1C007A8482 /* Release */ = {
			isa = XCBuildConfiguration;
			buildSettings = {
				ALWAYS_SEARCH_USER_PATHS = NO;
				CLANG_ANALYZER_NONNULL = YES;
				CLANG_ANALYZER_NUMBER_OBJECT_CONVERSION = YES_AGGRESSIVE;
				CLANG_CXX_LANGUAGE_STANDARD = "gnu++14";
				CLANG_CXX_LIBRARY = "libc++";
				CLANG_ENABLE_MODULES = YES;
				CLANG_ENABLE_OBJC_ARC = YES;
				CLANG_ENABLE_OBJC_WEAK = YES;
				CLANG_WARN_BLOCK_CAPTURE_AUTORELEASING = YES;
				CLANG_WARN_BOOL_CONVERSION = YES;
				CLANG_WARN_COMMA = YES;
				CLANG_WARN_CONSTANT_CONVERSION = YES;
				CLANG_WARN_DEPRECATED_OBJC_IMPLEMENTATIONS = YES;
				CLANG_WARN_DIRECT_OBJC_ISA_USAGE = YES_ERROR;
				CLANG_WARN_DOCUMENTATION_COMMENTS = YES;
				CLANG_WARN_EMPTY_BODY = YES;
				CLANG_WARN_ENUM_CONVERSION = YES;
				CLANG_WARN_INFINITE_RECURSION = YES;
				CLANG_WARN_INT_CONVERSION = YES;
				CLANG_WARN_NON_LITERAL_NULL_CONVERSION = YES;
				CLANG_WARN_OBJC_IMPLICIT_RETAIN_SELF = YES;
				CLANG_WARN_OBJC_LITERAL_CONVERSION = YES;
				CLANG_WARN_OBJC_ROOT_CLASS = YES_ERROR;
				CLANG_WARN_RANGE_LOOP_ANALYSIS = YES;
				CLANG_WARN_STRICT_PROTOTYPES = YES;
				CLANG_WARN_SUSPICIOUS_MOVE = YES;
				CLANG_WARN_UNGUARDED_AVAILABILITY = YES_AGGRESSIVE;
				CLANG_WARN_UNREACHABLE_CODE = YES;
				CLANG_WARN__DUPLICATE_METHOD_MATCH = YES;
				COPY_PHASE_STRIP = NO;
				DEBUG_INFORMATION_FORMAT = "dwarf-with-dsym";
				ENABLE_NS_ASSERTIONS = NO;
				ENABLE_STRICT_OBJC_MSGSEND = YES;
				GCC_C_LANGUAGE_STANDARD = gnu11;
				GCC_NO_COMMON_BLOCKS = YES;
				GCC_WARN_64_TO_32_BIT_CONVERSION = YES;
				GCC_WARN_ABOUT_RETURN_TYPE = YES_ERROR;
				GCC_WARN_UNDECLARED_SELECTOR = YES;
				GCC_WARN_UNINITIALIZED_AUTOS = YES_AGGRESSIVE;
				GCC_WARN_UNUSED_FUNCTION = YES;
				GCC_WARN_UNUSED_VARIABLE = YES;
				MTL_ENABLE_DEBUG_INFO = NO;
				MTL_FAST_MATH = YES;
			};
			name = Release;
		};
		5F2E2EF421D5CB1C007A8482 /* Debug */ = {
			isa = XCBuildConfiguration;
			buildSettings = {
				CODE_SIGN_STYLE = Automatic;
				DEBUGGING_SYMBOLS = YES;
				DEBUG_INFORMATION_FORMAT = dwarf;
				DEVELOPMENT_TEAM = 5CXXA9F47J;
				GCC_GENERATE_DEBUGGING_SYMBOLS = YES;
				GCC_OPTIMIZATION_LEVEL = 0;
				OTHER_CFLAGS = "";
				OTHER_LDFLAGS = "";
				PRODUCT_NAME = "$(TARGET_NAME)";
			};
			name = Debug;
		};
		5F2E2EF521D5CB1C007A8482 /* Release */ = {
			isa = XCBuildConfiguration;
			buildSettings = {
				CODE_SIGN_STYLE = Automatic;
				DEBUG_INFORMATION_FORMAT = "dwarf-with-dsym";
				DEVELOPMENT_TEAM = 5CXXA9F47J;
				OTHER_CFLAGS = "";
				OTHER_LDFLAGS = "";
				PRODUCT_NAME = "$(TARGET_NAME)";
			};
			name = Release;
		};
		5F40C12321E78F1000E6F309 /* Debug */ = {
			isa = XCBuildConfiguration;
			buildSettings = {
				CODE_SIGN_IDENTITY = "Mac Developer";
				CODE_SIGN_STYLE = Automatic;
				DEVELOPMENT_TEAM = 5CXXA9F47J;
				MACOSX_DEPLOYMENT_TARGET = 10.13;
				PRODUCT_NAME = "$(TARGET_NAME)";
				SDKROOT = macosx;
			};
			name = Debug;
		};
		5F40C12421E78F1000E6F309 /* Release */ = {
			isa = XCBuildConfiguration;
			buildSettings = {
				CODE_SIGN_IDENTITY = "Mac Developer";
				CODE_SIGN_STYLE = Automatic;
				DEVELOPMENT_TEAM = 5CXXA9F47J;
				MACOSX_DEPLOYMENT_TARGET = 10.13;
				PRODUCT_NAME = "$(TARGET_NAME)";
				SDKROOT = macosx;
			};
			name = Release;
		};
		5F6C032021DDC638009F3609 /* Debug */ = {
			isa = XCBuildConfiguration;
			buildSettings = {
				CODE_SIGN_IDENTITY = "Mac Developer";
				CODE_SIGN_STYLE = Automatic;
				DEVELOPMENT_TEAM = 5CXXA9F47J;
				MACOSX_DEPLOYMENT_TARGET = 10.13;
				PRODUCT_NAME = "$(TARGET_NAME)";
				SDKROOT = macosx;
			};
			name = Debug;
		};
		5F6C032121DDC638009F3609 /* Release */ = {
			isa = XCBuildConfiguration;
			buildSettings = {
				CODE_SIGN_IDENTITY = "Mac Developer";
				CODE_SIGN_STYLE = Automatic;
				DEVELOPMENT_TEAM = 5CXXA9F47J;
				MACOSX_DEPLOYMENT_TARGET = 10.13;
				PRODUCT_NAME = "$(TARGET_NAME)";
				SDKROOT = macosx;
			};
			name = Release;
		};
/* End XCBuildConfiguration section */

/* Begin XCConfigurationList section */
		5F2E2EEF21D5CB1C007A8482 /* Build configuration list for PBXProject "NuclearHolocaust" */ = {
			isa = XCConfigurationList;
			buildConfigurations = (
				5F2E2EF121D5CB1C007A8482 /* Debug */,
				5F2E2EF221D5CB1C007A8482 /* Release */,
			);
			defaultConfigurationIsVisible = 0;
			defaultConfigurationName = Release;
		};
		5F2E2EF321D5CB1C007A8482 /* Build configuration list for PBXLegacyTarget "NuclearHolocaust" */ = {
			isa = XCConfigurationList;
			buildConfigurations = (
				5F2E2EF421D5CB1C007A8482 /* Debug */,
				5F2E2EF521D5CB1C007A8482 /* Release */,
			);
			defaultConfigurationIsVisible = 0;
			defaultConfigurationName = Release;
		};
		5F40C12521E78F1000E6F309 /* Build configuration list for PBXNativeTarget "denukify" */ = {
			isa = XCConfigurationList;
			buildConfigurations = (
				5F40C12321E78F1000E6F309 /* Debug */,
				5F40C12421E78F1000E6F309 /* Release */,
			);
			defaultConfigurationIsVisible = 0;
			defaultConfigurationName = Release;
		};
		5F6C032221DDC638009F3609 /* Build configuration list for PBXNativeTarget "nuked" */ = {
			isa = XCConfigurationList;
			buildConfigurations = (
				5F6C032021DDC638009F3609 /* Debug */,
				5F6C032121DDC638009F3609 /* Release */,
			);
			defaultConfigurationIsVisible = 0;
			defaultConfigurationName = Release;
		};
/* End XCConfigurationList section */
	};
	rootObject = 5F2E2EEC21D5CB1C007A8482 /* Project object */;
}
