// !$*UTF8*$!
{
	archiveVersion = 1;
	classes = {
	};
	objectVersion = 50;
	objects = {

/* Begin PBXBuildFile section */
		5F40C12621E78FD800E6F309 /* main.cpp in Sources */ = {isa = PBXBuildFile; fileRef = 5FAF0C5A21E729EC00C28BB7 /* main.cpp */; };
		5F6C032D21DDC663009F3609 /* main.c in Sources */ = {isa = PBXBuildFile; fileRef = 5F99C07F21D5CDEB007A8482 /* main.c */; };
		5F7F9B2E220CC1B7007A8482 /* bptree.c in Sources */ = {isa = PBXBuildFile; fileRef = 5F26840821F66D5B007A8482 /* bptree.c */; };
		5F7F9B2F220CC1BB007A8482 /* cluster.c in Sources */ = {isa = PBXBuildFile; fileRef = 5F99C05521D5CDEB007A8482 /* cluster.c */; };
		5F7F9B30220CC1D1007A8482 /* utils.c in Sources */ = {isa = PBXBuildFile; fileRef = 5F99C05321D5CDEB007A8482 /* utils.c */; };
		5F7F9B31220CC1D6007A8482 /* utf.c in Sources */ = {isa = PBXBuildFile; fileRef = 5F99C05721D5CDEB007A8482 /* utf.c */; };
		5F7F9B32220CC1DB007A8482 /* time.c in Sources */ = {isa = PBXBuildFile; fileRef = 5F99C05421D5CDEB007A8482 /* time.c */; };
		5F7F9B33220CC1DF007A8482 /* repair.c in Sources */ = {isa = PBXBuildFile; fileRef = 5F99C05621D5CDEB007A8482 /* repair.c */; };
		5F7F9B34220CC1E2007A8482 /* recovery.h in Headers */ = {isa = PBXBuildFile; fileRef = 5F26840321F62D62007A8482 /* recovery.h */; };
		5F7F9B35220CC1E5007A8482 /* recovery.c in Sources */ = {isa = PBXBuildFile; fileRef = 5F26840421F62D62007A8482 /* recovery.c */; };
		5F7F9B36220CC1EA007A8482 /* platform.h in Headers */ = {isa = PBXBuildFile; fileRef = 5F99C05A21D5CDEB007A8482 /* platform.h */; };
		5F7F9B37220CC1EE007A8482 /* node.c in Sources */ = {isa = PBXBuildFile; fileRef = 5F99C05B21D5CDEB007A8482 /* node.c */; };
		5F7F9B38220CC1F2007A8482 /* mount.c in Sources */ = {isa = PBXBuildFile; fileRef = 5F99C04F21D5CDEB007A8482 /* mount.c */; };
		5F7F9B39220CC1F6007A8482 /* lookup.c in Sources */ = {isa = PBXBuildFile; fileRef = 5F99C04B21D5CDEB007A8482 /* lookup.c */; };
		5F7F9B3A220CC200007A8482 /* fstree.hpp in Headers */ = {isa = PBXBuildFile; fileRef = 5F8B50DF21F92111007A8482 /* fstree.hpp */; };
		5F7F9B3B220CC202007A8482 /* io.c in Sources */ = {isa = PBXBuildFile; fileRef = 5F99C04E21D5CDEB007A8482 /* io.c */; };
		5F7F9B3C220CC206007A8482 /* log.c in Sources */ = {isa = PBXBuildFile; fileRef = 5F99C04921D5CDEB007A8482 /* log.c */; };
		5F7F9B3E220CC210007A8482 /* bptree.h in Headers */ = {isa = PBXBuildFile; fileRef = 5F26840721F66D5B007A8482 /* bptree.h */; };
		5F7F9B3F220CC212007A8482 /* byteorder.h in Headers */ = {isa = PBXBuildFile; fileRef = 5F99C04D21D5CDEB007A8482 /* byteorder.h */; };
		5F7F9B40220CC216007A8482 /* compiler.h in Headers */ = {isa = PBXBuildFile; fileRef = 5F99C04C21D5CDEB007A8482 /* compiler.h */; };
		5F7F9B41220CC21A007A8482 /* exfat.h in Headers */ = {isa = PBXBuildFile; fileRef = 5F99C05221D5CDEB007A8482 /* exfat.h */; };
		5F7F9B42220CC21C007A8482 /* exfatfs.h in Headers */ = {isa = PBXBuildFile; fileRef = 5F99C04A21D5CDEB007A8482 /* exfatfs.h */; };
		5F7F9B43220CC21E007A8482 /* fsrestore.cpp in Sources */ = {isa = PBXBuildFile; fileRef = 5F8B50E221F92817007A8482 /* fsrestore.cpp */; };
		5F7F9B44220CC221007A8482 /* fsrestore.h in Headers */ = {isa = PBXBuildFile; fileRef = 5F8B50E321F92817007A8482 /* fsrestore.h */; };
		5F7F9B45220CC224007A8482 /* fstree.cpp in Sources */ = {isa = PBXBuildFile; fileRef = 5F8B50DE21F92111007A8482 /* fstree.cpp */; };
		5F7F9B47220CC28B007A8482 /* libexfat.dylib in Frameworks */ = {isa = PBXBuildFile; fileRef = 5F7F9B23220CC18E007A8482 /* libexfat.dylib */; };
		5F7F9B48220CC290007A8482 /* libexfat.dylib in Frameworks */ = {isa = PBXBuildFile; fileRef = 5F7F9B23220CC18E007A8482 /* libexfat.dylib */; };
		5F953AD4220CDE8D007A8482 /* fsrestore.hpp in Headers */ = {isa = PBXBuildFile; fileRef = 5F953AD3220CDE8D007A8482 /* fsrestore.hpp */; };
		5F953AD7220CE06C007A8482 /* fsconfig.h in Headers */ = {isa = PBXBuildFile; fileRef = 5F953AD6220CE06B007A8482 /* fsconfig.h */; };
		5FBA7527220F2489007A8482 /* exfat++.h in Headers */ = {isa = PBXBuildFile; fileRef = 5FBA7526220F2489007A8482 /* exfat++.h */; };
		5FBA7529220F2509007A8482 /* fsexcept.hpp in Headers */ = {isa = PBXBuildFile; fileRef = 5FBA7528220F2509007A8482 /* fsexcept.hpp */; };
/* End PBXBuildFile section */

/* Begin PBXCopyFilesBuildPhase section */
		5F40C11D21E78F1000E6F309 /* CopyFiles */ = {
			isa = PBXCopyFilesBuildPhase;
			buildActionMask = 2147483647;
			dstPath = /usr/share/man/man1/;
			dstSubfolderSpec = 0;
			files = (
			);
			runOnlyForDeploymentPostprocessing = 1;
		};
		5F6C031921DDC638009F3609 /* CopyFiles */ = {
			isa = PBXCopyFilesBuildPhase;
			buildActionMask = 2147483647;
			dstPath = /usr/share/man/man1/;
			dstSubfolderSpec = 0;
			files = (
			);
			runOnlyForDeploymentPostprocessing = 1;
		};
/* End PBXCopyFilesBuildPhase section */

/* Begin PBXFileReference section */
		5F0A0E8221EE8498007A8482 /* ac3.h */ = {isa = PBXFileReference; lastKnownFileType = sourcecode.c.h; path = ac3.h; sourceTree = "<group>"; };
		5F0A0E8321EE8498007A8482 /* find_ac3.c */ = {isa = PBXFileReference; lastKnownFileType = sourcecode.c.c; path = find_ac3.c; sourceTree = "<group>"; };
		5F26840321F62D62007A8482 /* recovery.h */ = {isa = PBXFileReference; lastKnownFileType = sourcecode.c.h; path = recovery.h; sourceTree = "<group>"; };
		5F26840421F62D62007A8482 /* recovery.c */ = {isa = PBXFileReference; lastKnownFileType = sourcecode.c.c; path = recovery.c; sourceTree = "<group>"; };
		5F26840721F66D5B007A8482 /* bptree.h */ = {isa = PBXFileReference; lastKnownFileType = sourcecode.c.h; path = bptree.h; sourceTree = "<group>"; };
		5F26840821F66D5B007A8482 /* bptree.c */ = {isa = PBXFileReference; lastKnownFileType = sourcecode.c.c; path = bptree.c; sourceTree = "<group>"; };
		5F40C11F21E78F1000E6F309 /* denukify */ = {isa = PBXFileReference; explicitFileType = "compiled.mach-o.executable"; includeInIndex = 0; path = denukify; sourceTree = BUILT_PRODUCTS_DIR; };
		5F6C031B21DDC638009F3609 /* nuked */ = {isa = PBXFileReference; explicitFileType = "compiled.mach-o.executable"; includeInIndex = 0; path = nuked; sourceTree = BUILT_PRODUCTS_DIR; };
		5F7F9B23220CC18E007A8482 /* libexfat.dylib */ = {isa = PBXFileReference; explicitFileType = "compiled.mach-o.dylib"; includeInIndex = 0; path = libexfat.dylib; sourceTree = BUILT_PRODUCTS_DIR; };
		5F8B50DE21F92111007A8482 /* fstree.cpp */ = {isa = PBXFileReference; lastKnownFileType = sourcecode.cpp.cpp; path = fstree.cpp; sourceTree = "<group>"; };
		5F8B50DF21F92111007A8482 /* fstree.hpp */ = {isa = PBXFileReference; lastKnownFileType = sourcecode.cpp.h; path = fstree.hpp; sourceTree = "<group>"; };
		5F8B50E221F92817007A8482 /* fsrestore.cpp */ = {isa = PBXFileReference; lastKnownFileType = sourcecode.cpp.cpp; path = fsrestore.cpp; sourceTree = "<group>"; };
		5F8B50E321F92817007A8482 /* fsrestore.h */ = {isa = PBXFileReference; explicitFileType = sourcecode.cpp.h; path = fsrestore.h; sourceTree = "<group>"; };
		5F953AD3220CDE8D007A8482 /* fsrestore.hpp */ = {isa = PBXFileReference; fileEncoding = 4; lastKnownFileType = sourcecode.cpp.h; path = fsrestore.hpp; sourceTree = "<group>"; };
		5F953AD6220CE06B007A8482 /* fsconfig.h */ = {isa = PBXFileReference; fileEncoding = 4; lastKnownFileType = sourcecode.c.h; path = fsconfig.h; sourceTree = "<group>"; };
		5F99C03D21D5CDEB007A8482 /* dumpexfat.8 */ = {isa = PBXFileReference; fileEncoding = 4; lastKnownFileType = text; path = dumpexfat.8; sourceTree = "<group>"; };
		5F99C03E21D5CDEB007A8482 /* Makefile.am */ = {isa = PBXFileReference; fileEncoding = 4; lastKnownFileType = text; path = Makefile.am; sourceTree = "<group>"; };
		5F99C03F21D5CDEB007A8482 /* main.c */ = {isa = PBXFileReference; fileEncoding = 4; lastKnownFileType = sourcecode.c.c; path = main.c; sourceTree = "<group>"; };
		5F99C04321D5CDEB007A8482 /* exfatlabel.8 */ = {isa = PBXFileReference; fileEncoding = 4; lastKnownFileType = text; path = exfatlabel.8; sourceTree = "<group>"; };
		5F99C04421D5CDEB007A8482 /* Makefile.am */ = {isa = PBXFileReference; fileEncoding = 4; lastKnownFileType = text; path = Makefile.am; sourceTree = "<group>"; };
		5F99C04521D5CDEB007A8482 /* main.c */ = {isa = PBXFileReference; fileEncoding = 4; lastKnownFileType = sourcecode.c.c; path = main.c; sourceTree = "<group>"; };
		5F99C04921D5CDEB007A8482 /* log.c */ = {isa = PBXFileReference; fileEncoding = 4; lastKnownFileType = sourcecode.c.c; path = log.c; sourceTree = "<group>"; };
		5F99C04A21D5CDEB007A8482 /* exfatfs.h */ = {isa = PBXFileReference; fileEncoding = 4; lastKnownFileType = sourcecode.c.h; path = exfatfs.h; sourceTree = "<group>"; };
		5F99C04B21D5CDEB007A8482 /* lookup.c */ = {isa = PBXFileReference; fileEncoding = 4; lastKnownFileType = sourcecode.c.c; path = lookup.c; sourceTree = "<group>"; };
		5F99C04C21D5CDEB007A8482 /* compiler.h */ = {isa = PBXFileReference; fileEncoding = 4; lastKnownFileType = sourcecode.c.h; path = compiler.h; sourceTree = "<group>"; };
		5F99C04D21D5CDEB007A8482 /* byteorder.h */ = {isa = PBXFileReference; fileEncoding = 4; lastKnownFileType = sourcecode.c.h; path = byteorder.h; sourceTree = "<group>"; };
		5F99C04E21D5CDEB007A8482 /* io.c */ = {isa = PBXFileReference; fileEncoding = 4; lastKnownFileType = sourcecode.c.c; path = io.c; sourceTree = "<group>"; };
		5F99C04F21D5CDEB007A8482 /* mount.c */ = {isa = PBXFileReference; fileEncoding = 4; lastKnownFileType = sourcecode.c.c; path = mount.c; sourceTree = "<group>"; };
		5F99C05121D5CDEB007A8482 /* Makefile.am */ = {isa = PBXFileReference; fileEncoding = 4; lastKnownFileType = text; path = Makefile.am; sourceTree = "<group>"; };
		5F99C05221D5CDEB007A8482 /* exfat.h */ = {isa = PBXFileReference; fileEncoding = 4; lastKnownFileType = sourcecode.c.h; path = exfat.h; sourceTree = "<group>"; };
		5F99C05321D5CDEB007A8482 /* utils.c */ = {isa = PBXFileReference; fileEncoding = 4; lastKnownFileType = sourcecode.c.c; path = utils.c; sourceTree = "<group>"; };
		5F99C05421D5CDEB007A8482 /* time.c */ = {isa = PBXFileReference; fileEncoding = 4; lastKnownFileType = sourcecode.c.c; path = time.c; sourceTree = "<group>"; };
		5F99C05521D5CDEB007A8482 /* cluster.c */ = {isa = PBXFileReference; fileEncoding = 4; lastKnownFileType = sourcecode.c.c; path = cluster.c; sourceTree = "<group>"; };
		5F99C05621D5CDEB007A8482 /* repair.c */ = {isa = PBXFileReference; fileEncoding = 4; lastKnownFileType = sourcecode.c.c; path = repair.c; sourceTree = "<group>"; };
		5F99C05721D5CDEB007A8482 /* utf.c */ = {isa = PBXFileReference; fileEncoding = 4; lastKnownFileType = sourcecode.c.c; path = utf.c; sourceTree = "<group>"; };
		5F99C05A21D5CDEB007A8482 /* platform.h */ = {isa = PBXFileReference; fileEncoding = 4; lastKnownFileType = sourcecode.c.h; path = platform.h; sourceTree = "<group>"; };
		5F99C05B21D5CDEB007A8482 /* node.c */ = {isa = PBXFileReference; fileEncoding = 4; lastKnownFileType = sourcecode.c.c; path = node.c; sourceTree = "<group>"; };
		5F99C05D21D5CDEB007A8482 /* mkexfat.h */ = {isa = PBXFileReference; fileEncoding = 4; lastKnownFileType = sourcecode.c.h; path = mkexfat.h; sourceTree = "<group>"; };
		5F99C05E21D5CDEB007A8482 /* uct.h */ = {isa = PBXFileReference; fileEncoding = 4; lastKnownFileType = sourcecode.c.h; path = uct.h; sourceTree = "<group>"; };
		5F99C05F21D5CDEB007A8482 /* mkexfatfs.8 */ = {isa = PBXFileReference; fileEncoding = 4; lastKnownFileType = text; path = mkexfatfs.8; sourceTree = "<group>"; };
		5F99C06021D5CDEB007A8482 /* vbr.c */ = {isa = PBXFileReference; fileEncoding = 4; lastKnownFileType = sourcecode.c.c; path = vbr.c; sourceTree = "<group>"; };
		5F99C06121D5CDEB007A8482 /* uctc.h */ = {isa = PBXFileReference; fileEncoding = 4; lastKnownFileType = sourcecode.c.h; path = uctc.h; sourceTree = "<group>"; };
		5F99C06221D5CDEB007A8482 /* cbm.c */ = {isa = PBXFileReference; fileEncoding = 4; lastKnownFileType = sourcecode.c.c; path = cbm.c; sourceTree = "<group>"; };
		5F99C06321D5CDEB007A8482 /* rootdir.c */ = {isa = PBXFileReference; fileEncoding = 4; lastKnownFileType = sourcecode.c.c; path = rootdir.c; sourceTree = "<group>"; };
		5F99C06421D5CDEB007A8482 /* fat.c */ = {isa = PBXFileReference; fileEncoding = 4; lastKnownFileType = sourcecode.c.c; path = fat.c; sourceTree = "<group>"; };
		5F99C06521D5CDEB007A8482 /* uct.c */ = {isa = PBXFileReference; fileEncoding = 4; lastKnownFileType = sourcecode.c.c; path = uct.c; sourceTree = "<group>"; };
		5F99C06621D5CDEB007A8482 /* Makefile.am */ = {isa = PBXFileReference; fileEncoding = 4; lastKnownFileType = text; path = Makefile.am; sourceTree = "<group>"; };
		5F99C06721D5CDEB007A8482 /* mkexfat.c */ = {isa = PBXFileReference; fileEncoding = 4; lastKnownFileType = sourcecode.c.c; path = mkexfat.c; sourceTree = "<group>"; };
		5F99C06821D5CDEB007A8482 /* main.c */ = {isa = PBXFileReference; fileEncoding = 4; lastKnownFileType = sourcecode.c.c; path = main.c; sourceTree = "<group>"; };
		5F99C06921D5CDEB007A8482 /* vbr.h */ = {isa = PBXFileReference; fileEncoding = 4; lastKnownFileType = sourcecode.c.h; path = vbr.h; sourceTree = "<group>"; };
		5F99C06A21D5CDEB007A8482 /* cbm.h */ = {isa = PBXFileReference; fileEncoding = 4; lastKnownFileType = sourcecode.c.h; path = cbm.h; sourceTree = "<group>"; };
		5F99C06B21D5CDEB007A8482 /* uctc.c */ = {isa = PBXFileReference; fileEncoding = 4; lastKnownFileType = sourcecode.c.c; path = uctc.c; sourceTree = "<group>"; };
		5F99C06E21D5CDEB007A8482 /* rootdir.h */ = {isa = PBXFileReference; fileEncoding = 4; lastKnownFileType = sourcecode.c.h; path = rootdir.h; sourceTree = "<group>"; };
		5F99C06F21D5CDEB007A8482 /* fat.h */ = {isa = PBXFileReference; fileEncoding = 4; lastKnownFileType = sourcecode.c.h; path = fat.h; sourceTree = "<group>"; };
		5F99C07121D5CDEB007A8482 /* Makefile.am */ = {isa = PBXFileReference; fileEncoding = 4; lastKnownFileType = text; path = Makefile.am; sourceTree = "<group>"; };
		5F99C07221D5CDEB007A8482 /* main.c */ = {isa = PBXFileReference; fileEncoding = 4; lastKnownFileType = sourcecode.c.c; path = main.c; sourceTree = "<group>"; };
		5F99C07321D5CDEB007A8482 /* exfatfsck.8 */ = {isa = PBXFileReference; fileEncoding = 4; lastKnownFileType = text; path = exfatfsck.8; sourceTree = "<group>"; };
		5F99C07721D5CDEB007A8482 /* mount.exfat-fuse.8 */ = {isa = PBXFileReference; fileEncoding = 4; lastKnownFileType = text; path = "mount.exfat-fuse.8"; sourceTree = "<group>"; };
		5F99C07821D5CDEB007A8482 /* Makefile.am */ = {isa = PBXFileReference; fileEncoding = 4; lastKnownFileType = text; path = Makefile.am; sourceTree = "<group>"; };
		5F99C07921D5CDEB007A8482 /* main.c */ = {isa = PBXFileReference; fileEncoding = 4; lastKnownFileType = sourcecode.c.c; path = main.c; sourceTree = "<group>"; };
		5F99C07D21D5CDEB007A8482 /* Makefile.am */ = {isa = PBXFileReference; fileEncoding = 4; lastKnownFileType = text; path = Makefile.am; sourceTree = "<group>"; };
		5F99C07E21D5CDEB007A8482 /* nukedexfat.8 */ = {isa = PBXFileReference; fileEncoding = 4; lastKnownFileType = text; path = nukedexfat.8; sourceTree = "<group>"; };
		5F99C07F21D5CDEB007A8482 /* main.c */ = {isa = PBXFileReference; fileEncoding = 4; lastKnownFileType = sourcecode.c.c; path = main.c; sourceTree = "<group>"; };
		5F99C08021D5CE3F007A8482 /* configure.ac */ = {isa = PBXFileReference; fileEncoding = 4; lastKnownFileType = text; path = configure.ac; sourceTree = "<group>"; };
		5F99C08121D5CE3F007A8482 /* Android.bp */ = {isa = PBXFileReference; fileEncoding = 4; lastKnownFileType = text; path = Android.bp; sourceTree = "<group>"; };
		5F99C08221D5CE3F007A8482 /* ChangeLog */ = {isa = PBXFileReference; fileEncoding = 4; lastKnownFileType = text; path = ChangeLog; sourceTree = "<group>"; };
		5F99C08321D5CE3F007A8482 /* Makefile.am */ = {isa = PBXFileReference; fileEncoding = 4; lastKnownFileType = text; path = Makefile.am; sourceTree = "<group>"; };
		5F99C08421D5CE3F007A8482 /* CMakeLists.txt */ = {isa = PBXFileReference; fileEncoding = 4; lastKnownFileType = text; path = CMakeLists.txt; sourceTree = "<group>"; };
		5F99C08521D5CE3F007A8482 /* COPYING */ = {isa = PBXFileReference; fileEncoding = 4; lastKnownFileType = text; path = COPYING; sourceTree = "<group>"; };
		5F99C08621D5CE40007A8482 /* README.md */ = {isa = PBXFileReference; fileEncoding = 4; lastKnownFileType = net.daringfireball.markdown; path = README.md; sourceTree = "<group>"; };
		5FAF0C5821E729EC00C28BB7 /* denukify.8 */ = {isa = PBXFileReference; fileEncoding = 4; lastKnownFileType = text; path = denukify.8; sourceTree = "<group>"; };
		5FAF0C5921E729EC00C28BB7 /* Makefile.am */ = {isa = PBXFileReference; fileEncoding = 4; lastKnownFileType = text; path = Makefile.am; sourceTree = "<group>"; };
		5FAF0C5A21E729EC00C28BB7 /* main.cpp */ = {isa = PBXFileReference; fileEncoding = 4; lastKnownFileType = sourcecode.cpp.cpp; path = main.cpp; sourceTree = "<group>"; };
		5FBA7526220F2489007A8482 /* exfat++.h */ = {isa = PBXFileReference; lastKnownFileType = sourcecode.c.h; path = "exfat++.h"; sourceTree = "<group>"; };
		5FBA7528220F2509007A8482 /* fsexcept.hpp */ = {isa = PBXFileReference; fileEncoding = 4; lastKnownFileType = sourcecode.cpp.h; path = fsexcept.hpp; sourceTree = "<group>"; };
/* End PBXFileReference section */

/* Begin PBXFrameworksBuildPhase section */
		5F40C11C21E78F1000E6F309 /* Frameworks */ = {
			isa = PBXFrameworksBuildPhase;
			buildActionMask = 2147483647;
			files = (
				5F7F9B47220CC28B007A8482 /* libexfat.dylib in Frameworks */,
			);
			runOnlyForDeploymentPostprocessing = 0;
		};
		5F6C031821DDC638009F3609 /* Frameworks */ = {
			isa = PBXFrameworksBuildPhase;
			buildActionMask = 2147483647;
			files = (
				5F7F9B48220CC290007A8482 /* libexfat.dylib in Frameworks */,
			);
			runOnlyForDeploymentPostprocessing = 0;
		};
		5F7F9B21220CC18E007A8482 /* Frameworks */ = {
			isa = PBXFrameworksBuildPhase;
			buildActionMask = 2147483647;
			files = (
			);
			runOnlyForDeploymentPostprocessing = 0;
		};
/* End PBXFrameworksBuildPhase section */

/* Begin PBXGroup section */
		5F2E2EEB21D5CB1C007A8482 = {
			isa = PBXGroup;
			children = (
				5F99C08121D5CE3F007A8482 /* Android.bp */,
				5F99C08221D5CE3F007A8482 /* ChangeLog */,
				5F99C08421D5CE3F007A8482 /* CMakeLists.txt */,
				5F953AD6220CE06B007A8482 /* fsconfig.h */,
				5F99C08021D5CE3F007A8482 /* configure.ac */,
				5F99C08521D5CE3F007A8482 /* COPYING */,
				5FAF0C5721E729EC00C28BB7 /* denukify */,
				5F99C03C21D5CDEB007A8482 /* dump */,
				5F99C07021D5CDEB007A8482 /* fsck */,
				5F99C07621D5CDEB007A8482 /* fuse */,
				5F99C04221D5CDEB007A8482 /* label */,
				5F99C04821D5CDEB007A8482 /* libexfat */,
				5F99C08321D5CE3F007A8482 /* Makefile.am */,
				5F99C05C21D5CDEB007A8482 /* mkfs */,
				5F99C07C21D5CDEB007A8482 /* nuked */,
				5F6C031C21DDC638009F3609 /* Products */,
				5F99C08621D5CE40007A8482 /* README.md */,
				5F7F9B46220CC28B007A8482 /* Frameworks */,
			);
			sourceTree = "<group>";
		};
		5F6C031C21DDC638009F3609 /* Products */ = {
			isa = PBXGroup;
			children = (
				5F6C031B21DDC638009F3609 /* nuked */,
				5F40C11F21E78F1000E6F309 /* denukify */,
				5F7F9B23220CC18E007A8482 /* libexfat.dylib */,
			);
			name = Products;
			sourceTree = "<group>";
		};
		5F7F9B46220CC28B007A8482 /* Frameworks */ = {
			isa = PBXGroup;
			children = (
			);
			name = Frameworks;
			sourceTree = "<group>";
		};
		5F99C03C21D5CDEB007A8482 /* dump */ = {
			isa = PBXGroup;
			children = (
				5F99C03D21D5CDEB007A8482 /* dumpexfat.8 */,
				5F99C03E21D5CDEB007A8482 /* Makefile.am */,
				5F99C03F21D5CDEB007A8482 /* main.c */,
			);
			path = dump;
			sourceTree = "<group>";
		};
		5F99C04221D5CDEB007A8482 /* label */ = {
			isa = PBXGroup;
			children = (
				5F99C04321D5CDEB007A8482 /* exfatlabel.8 */,
				5F99C04421D5CDEB007A8482 /* Makefile.am */,
				5F99C04521D5CDEB007A8482 /* main.c */,
			);
			path = label;
			sourceTree = "<group>";
		};
		5F99C04821D5CDEB007A8482 /* libexfat */ = {
			isa = PBXGroup;
			children = (
				5F26840821F66D5B007A8482 /* bptree.c */,
				5F26840721F66D5B007A8482 /* bptree.h */,
				5F99C04D21D5CDEB007A8482 /* byteorder.h */,
				5F99C05521D5CDEB007A8482 /* cluster.c */,
				5F99C04C21D5CDEB007A8482 /* compiler.h */,
				5F99C05221D5CDEB007A8482 /* exfat.h */,
				5FBA7526220F2489007A8482 /* exfat++.h */,
				5F99C04A21D5CDEB007A8482 /* exfatfs.h */,
				5FBA7528220F2509007A8482 /* fsexcept.hpp */,
				5F8B50E221F92817007A8482 /* fsrestore.cpp */,
				5F953AD3220CDE8D007A8482 /* fsrestore.hpp */,
				5F8B50E321F92817007A8482 /* fsrestore.h */,
				5F8B50DE21F92111007A8482 /* fstree.cpp */,
				5F8B50DF21F92111007A8482 /* fstree.hpp */,
				5F99C04E21D5CDEB007A8482 /* io.c */,
				5F99C04921D5CDEB007A8482 /* log.c */,
				5F99C04B21D5CDEB007A8482 /* lookup.c */,
				5F99C05121D5CDEB007A8482 /* Makefile.am */,
				5F99C04F21D5CDEB007A8482 /* mount.c */,
				5F99C05B21D5CDEB007A8482 /* node.c */,
				5F99C05A21D5CDEB007A8482 /* platform.h */,
				5F26840421F62D62007A8482 /* recovery.c */,
				5F26840321F62D62007A8482 /* recovery.h */,
				5F99C05621D5CDEB007A8482 /* repair.c */,
				5F99C05421D5CDEB007A8482 /* time.c */,
				5F99C05721D5CDEB007A8482 /* utf.c */,
				5F99C05321D5CDEB007A8482 /* utils.c */,
			);
			path = libexfat;
			sourceTree = "<group>";
		};
		5F99C05C21D5CDEB007A8482 /* mkfs */ = {
			isa = PBXGroup;
			children = (
				5F99C06221D5CDEB007A8482 /* cbm.c */,
				5F99C06A21D5CDEB007A8482 /* cbm.h */,
				5F99C06421D5CDEB007A8482 /* fat.c */,
				5F99C06F21D5CDEB007A8482 /* fat.h */,
				5F99C06821D5CDEB007A8482 /* main.c */,
				5F99C06621D5CDEB007A8482 /* Makefile.am */,
				5F99C06721D5CDEB007A8482 /* mkexfat.c */,
				5F99C05D21D5CDEB007A8482 /* mkexfat.h */,
				5F99C05F21D5CDEB007A8482 /* mkexfatfs.8 */,
				5F99C06321D5CDEB007A8482 /* rootdir.c */,
				5F99C06E21D5CDEB007A8482 /* rootdir.h */,
				5F99C06521D5CDEB007A8482 /* uct.c */,
				5F99C05E21D5CDEB007A8482 /* uct.h */,
				5F99C06B21D5CDEB007A8482 /* uctc.c */,
				5F99C06121D5CDEB007A8482 /* uctc.h */,
				5F99C06021D5CDEB007A8482 /* vbr.c */,
				5F99C06921D5CDEB007A8482 /* vbr.h */,
			);
			path = mkfs;
			sourceTree = "<group>";
		};
		5F99C07021D5CDEB007A8482 /* fsck */ = {
			isa = PBXGroup;
			children = (
				5F99C07121D5CDEB007A8482 /* Makefile.am */,
				5F99C07221D5CDEB007A8482 /* main.c */,
				5F99C07321D5CDEB007A8482 /* exfatfsck.8 */,
			);
			path = fsck;
			sourceTree = "<group>";
		};
		5F99C07621D5CDEB007A8482 /* fuse */ = {
			isa = PBXGroup;
			children = (
				5F99C07721D5CDEB007A8482 /* mount.exfat-fuse.8 */,
				5F99C07821D5CDEB007A8482 /* Makefile.am */,
				5F99C07921D5CDEB007A8482 /* main.c */,
			);
			path = fuse;
			sourceTree = "<group>";
		};
		5F99C07C21D5CDEB007A8482 /* nuked */ = {
			isa = PBXGroup;
			children = (
				5F99C07D21D5CDEB007A8482 /* Makefile.am */,
				5F99C07E21D5CDEB007A8482 /* nukedexfat.8 */,
				5F99C07F21D5CDEB007A8482 /* main.c */,
			);
			path = nuked;
			sourceTree = "<group>";
		};
		5FAF0C5721E729EC00C28BB7 /* denukify */ = {
			isa = PBXGroup;
			children = (
				5F0A0E8221EE8498007A8482 /* ac3.h */,
				5FAF0C5821E729EC00C28BB7 /* denukify.8 */,
				5F0A0E8321EE8498007A8482 /* find_ac3.c */,
				5FAF0C5A21E729EC00C28BB7 /* main.cpp */,
				5FAF0C5921E729EC00C28BB7 /* Makefile.am */,
			);
			path = denukify;
			sourceTree = "<group>";
		};
/* End PBXGroup section */

/* Begin PBXHeadersBuildPhase section */
		5F7F9B1F220CC18E007A8482 /* Headers */ = {
			isa = PBXHeadersBuildPhase;
			buildActionMask = 2147483647;
			files = (
				5F953AD4220CDE8D007A8482 /* fsrestore.hpp in Headers */,
				5FBA7527220F2489007A8482 /* exfat++.h in Headers */,
				5FBA7529220F2509007A8482 /* fsexcept.hpp in Headers */,
				5F7F9B42220CC21C007A8482 /* exfatfs.h in Headers */,
				5F7F9B3F220CC212007A8482 /* byteorder.h in Headers */,
				5F7F9B44220CC221007A8482 /* fsrestore.h in Headers */,
				5F7F9B3E220CC210007A8482 /* bptree.h in Headers */,
				5F7F9B41220CC21A007A8482 /* exfat.h in Headers */,
				5F7F9B40220CC216007A8482 /* compiler.h in Headers */,
				5F7F9B36220CC1EA007A8482 /* platform.h in Headers */,
				5F953AD7220CE06C007A8482 /* fsconfig.h in Headers */,
				5F7F9B34220CC1E2007A8482 /* recovery.h in Headers */,
				5F7F9B3A220CC200007A8482 /* fstree.hpp in Headers */,
			);
			runOnlyForDeploymentPostprocessing = 0;
		};
/* End PBXHeadersBuildPhase section */

/* Begin PBXLegacyTarget section */
		5F2E2EF021D5CB1C007A8482 /* NuclearArmageddon */ = {
			isa = PBXLegacyTarget;
			buildArgumentsString = "$(ACTION)";
			buildConfigurationList = 5F2E2EF321D5CB1C007A8482 /* Build configuration list for PBXLegacyTarget "NuclearArmageddon" */;
			buildPhases = (
			);
			buildToolPath = /usr/bin/make;
			dependencies = (
			);
			name = NuclearArmageddon;
			passBuildSettingsInEnvironment = 1;
			productName = NuclearHolocaust;
		};
/* End PBXLegacyTarget section */

/* Begin PBXNativeTarget section */
		5F40C11E21E78F1000E6F309 /* denukify */ = {
			isa = PBXNativeTarget;
			buildConfigurationList = 5F40C12521E78F1000E6F309 /* Build configuration list for PBXNativeTarget "denukify" */;
			buildPhases = (
				5F40C11B21E78F1000E6F309 /* Sources */,
				5F40C11C21E78F1000E6F309 /* Frameworks */,
				5F40C11D21E78F1000E6F309 /* CopyFiles */,
			);
			buildRules = (
			);
			dependencies = (
			);
			name = denukify;
			productName = denukify;
			productReference = 5F40C11F21E78F1000E6F309 /* denukify */;
			productType = "com.apple.product-type.tool";
		};
		5F6C031A21DDC638009F3609 /* nuked */ = {
			isa = PBXNativeTarget;
			buildConfigurationList = 5F6C032221DDC638009F3609 /* Build configuration list for PBXNativeTarget "nuked" */;
			buildPhases = (
				5F6C031721DDC638009F3609 /* Sources */,
				5F6C031821DDC638009F3609 /* Frameworks */,
				5F6C031921DDC638009F3609 /* CopyFiles */,
			);
			buildRules = (
			);
			dependencies = (
			);
			name = nuked;
			productName = nuked;
			productReference = 5F6C031B21DDC638009F3609 /* nuked */;
			productType = "com.apple.product-type.tool";
		};
		5F7F9B22220CC18E007A8482 /* libexfat */ = {
			isa = PBXNativeTarget;
			buildConfigurationList = 5F7F9B2B220CC18E007A8482 /* Build configuration list for PBXNativeTarget "libexfat" */;
			buildPhases = (
				5F7F9B1F220CC18E007A8482 /* Headers */,
				5F7F9B20220CC18E007A8482 /* Sources */,
				5F7F9B21220CC18E007A8482 /* Frameworks */,
			);
			buildRules = (
			);
			dependencies = (
			);
			name = libexfat;
			productName = libexfat;
			productReference = 5F7F9B23220CC18E007A8482 /* libexfat.dylib */;
			productType = "com.apple.product-type.library.dynamic";
		};
/* End PBXNativeTarget section */

/* Begin PBXProject section */
		5F2E2EEC21D5CB1C007A8482 /* Project object */ = {
			isa = PBXProject;
			attributes = {
				LastUpgradeCheck = 1010;
				ORGANIZATIONNAME = "Paul Ciarlo";
				TargetAttributes = {
					5F2E2EF021D5CB1C007A8482 = {
						CreatedOnToolsVersion = 10.1;
					};
					5F40C11E21E78F1000E6F309 = {
						CreatedOnToolsVersion = 10.1;
					};
					5F6C031A21DDC638009F3609 = {
						CreatedOnToolsVersion = 10.1;
					};
					5F7F9B22220CC18E007A8482 = {
						CreatedOnToolsVersion = 10.1;
					};
				};
			};
			buildConfigurationList = 5F2E2EEF21D5CB1C007A8482 /* Build configuration list for PBXProject "NuclearArmageddon" */;
			compatibilityVersion = "Xcode 9.3";
			developmentRegion = en;
			hasScannedForEncodings = 0;
			knownRegions = (
				en,
			);
			mainGroup = 5F2E2EEB21D5CB1C007A8482;
			productRefGroup = 5F6C031C21DDC638009F3609 /* Products */;
			projectDirPath = "";
			projectRoot = "";
			targets = (
				5F2E2EF021D5CB1C007A8482 /* NuclearArmageddon */,
				5F6C031A21DDC638009F3609 /* nuked */,
				5F40C11E21E78F1000E6F309 /* denukify */,
				5F7F9B22220CC18E007A8482 /* libexfat */,
			);
		};
/* End PBXProject section */

/* Begin PBXSourcesBuildPhase section */
		5F40C11B21E78F1000E6F309 /* Sources */ = {
			isa = PBXSourcesBuildPhase;
			buildActionMask = 2147483647;
			files = (
				5F40C12621E78FD800E6F309 /* main.cpp in Sources */,
			);
			runOnlyForDeploymentPostprocessing = 0;
		};
		5F6C031721DDC638009F3609 /* Sources */ = {
			isa = PBXSourcesBuildPhase;
			buildActionMask = 2147483647;
			files = (
				5F6C032D21DDC663009F3609 /* main.c in Sources */,
			);
			runOnlyForDeploymentPostprocessing = 0;
		};
		5F7F9B20220CC18E007A8482 /* Sources */ = {
			isa = PBXSourcesBuildPhase;
			buildActionMask = 2147483647;
			files = (
				5F7F9B2F220CC1BB007A8482 /* cluster.c in Sources */,
				5F7F9B43220CC21E007A8482 /* fsrestore.cpp in Sources */,
				5F7F9B3B220CC202007A8482 /* io.c in Sources */,
				5F7F9B45220CC224007A8482 /* fstree.cpp in Sources */,
				5F7F9B33220CC1DF007A8482 /* repair.c in Sources */,
				5F7F9B35220CC1E5007A8482 /* recovery.c in Sources */,
				5F7F9B3C220CC206007A8482 /* log.c in Sources */,
				5F7F9B30220CC1D1007A8482 /* utils.c in Sources */,
				5F7F9B32220CC1DB007A8482 /* time.c in Sources */,
				5F7F9B38220CC1F2007A8482 /* mount.c in Sources */,
				5F7F9B37220CC1EE007A8482 /* node.c in Sources */,
				5F7F9B31220CC1D6007A8482 /* utf.c in Sources */,
				5F7F9B39220CC1F6007A8482 /* lookup.c in Sources */,
				5F7F9B2E220CC1B7007A8482 /* bptree.c in Sources */,
			);
			runOnlyForDeploymentPostprocessing = 0;
		};
/* End PBXSourcesBuildPhase section */

/* Begin XCBuildConfiguration section */
		5F2E2EF121D5CB1C007A8482 /* Debug */ = {
			isa = XCBuildConfiguration;
			buildSettings = {
				ALWAYS_SEARCH_USER_PATHS = NO;
				CLANG_ANALYZER_NONNULL = YES;
				CLANG_ANALYZER_NUMBER_OBJECT_CONVERSION = YES_AGGRESSIVE;
				CLANG_CXX_LANGUAGE_STANDARD = "gnu++14";
				CLANG_CXX_LIBRARY = "libc++";
				CLANG_ENABLE_MODULES = YES;
				CLANG_ENABLE_OBJC_ARC = YES;
				CLANG_ENABLE_OBJC_WEAK = YES;
				CLANG_WARN_BLOCK_CAPTURE_AUTORELEASING = YES;
				CLANG_WARN_BOOL_CONVERSION = YES;
				CLANG_WARN_COMMA = YES;
				CLANG_WARN_CONSTANT_CONVERSION = YES;
				CLANG_WARN_DEPRECATED_OBJC_IMPLEMENTATIONS = YES;
				CLANG_WARN_DIRECT_OBJC_ISA_USAGE = YES_ERROR;
				CLANG_WARN_DOCUMENTATION_COMMENTS = YES;
				CLANG_WARN_EMPTY_BODY = YES;
				CLANG_WARN_ENUM_CONVERSION = YES;
				CLANG_WARN_INFINITE_RECURSION = YES;
				CLANG_WARN_INT_CONVERSION = YES;
				CLANG_WARN_NON_LITERAL_NULL_CONVERSION = YES;
				CLANG_WARN_OBJC_IMPLICIT_RETAIN_SELF = YES;
				CLANG_WARN_OBJC_LITERAL_CONVERSION = YES;
				CLANG_WARN_OBJC_ROOT_CLASS = YES_ERROR;
				CLANG_WARN_RANGE_LOOP_ANALYSIS = YES;
				CLANG_WARN_STRICT_PROTOTYPES = YES;
				CLANG_WARN_SUSPICIOUS_MOVE = YES;
				CLANG_WARN_UNGUARDED_AVAILABILITY = YES_AGGRESSIVE;
				CLANG_WARN_UNREACHABLE_CODE = YES;
				CLANG_WARN__DUPLICATE_METHOD_MATCH = YES;
				COPY_PHASE_STRIP = NO;
				DEBUG_INFORMATION_FORMAT = dwarf;
				ENABLE_STRICT_OBJC_MSGSEND = YES;
				ENABLE_TESTABILITY = YES;
				GCC_C_LANGUAGE_STANDARD = gnu11;
				GCC_DYNAMIC_NO_PIC = NO;
				GCC_NO_COMMON_BLOCKS = YES;
				GCC_OPTIMIZATION_LEVEL = 0;
				GCC_PREPROCESSOR_DEFINITIONS = (
					"DEBUG=1",
					"$(inherited)",
				);
				GCC_WARN_64_TO_32_BIT_CONVERSION = YES;
				GCC_WARN_ABOUT_RETURN_TYPE = YES_ERROR;
				GCC_WARN_UNDECLARED_SELECTOR = YES;
				GCC_WARN_UNINITIALIZED_AUTOS = YES_AGGRESSIVE;
				GCC_WARN_UNUSED_FUNCTION = YES;
				GCC_WARN_UNUSED_VARIABLE = YES;
				MTL_ENABLE_DEBUG_INFO = INCLUDE_SOURCE;
				MTL_FAST_MATH = YES;
				ONLY_ACTIVE_ARCH = YES;
			};
			name = Debug;
		};
		5F2E2EF221D5CB1C007A8482 /* Release */ = {
			isa = XCBuildConfiguration;
			buildSettings = {
				ALWAYS_SEARCH_USER_PATHS = NO;
				CLANG_ANALYZER_NONNULL = YES;
				CLANG_ANALYZER_NUMBER_OBJECT_CONVERSION = YES_AGGRESSIVE;
				CLANG_CXX_LANGUAGE_STANDARD = "gnu++14";
				CLANG_CXX_LIBRARY = "libc++";
				CLANG_ENABLE_MODULES = YES;
				CLANG_ENABLE_OBJC_ARC = YES;
				CLANG_ENABLE_OBJC_WEAK = YES;
				CLANG_WARN_BLOCK_CAPTURE_AUTORELEASING = YES;
				CLANG_WARN_BOOL_CONVERSION = YES;
				CLANG_WARN_COMMA = YES;
				CLANG_WARN_CONSTANT_CONVERSION = YES;
				CLANG_WARN_DEPRECATED_OBJC_IMPLEMENTATIONS = YES;
				CLANG_WARN_DIRECT_OBJC_ISA_USAGE = YES_ERROR;
				CLANG_WARN_DOCUMENTATION_COMMENTS = YES;
				CLANG_WARN_EMPTY_BODY = YES;
				CLANG_WARN_ENUM_CONVERSION = YES;
				CLANG_WARN_INFINITE_RECURSION = YES;
				CLANG_WARN_INT_CONVERSION = YES;
				CLANG_WARN_NON_LITERAL_NULL_CONVERSION = YES;
				CLANG_WARN_OBJC_IMPLICIT_RETAIN_SELF = YES;
				CLANG_WARN_OBJC_LITERAL_CONVERSION = YES;
				CLANG_WARN_OBJC_ROOT_CLASS = YES_ERROR;
				CLANG_WARN_RANGE_LOOP_ANALYSIS = YES;
				CLANG_WARN_STRICT_PROTOTYPES = YES;
				CLANG_WARN_SUSPICIOUS_MOVE = YES;
				CLANG_WARN_UNGUARDED_AVAILABILITY = YES_AGGRESSIVE;
				CLANG_WARN_UNREACHABLE_CODE = YES;
				CLANG_WARN__DUPLICATE_METHOD_MATCH = YES;
				COPY_PHASE_STRIP = NO;
				DEBUG_INFORMATION_FORMAT = "dwarf-with-dsym";
				ENABLE_NS_ASSERTIONS = NO;
				ENABLE_STRICT_OBJC_MSGSEND = YES;
				GCC_C_LANGUAGE_STANDARD = gnu11;
				GCC_NO_COMMON_BLOCKS = YES;
				GCC_WARN_64_TO_32_BIT_CONVERSION = YES;
				GCC_WARN_ABOUT_RETURN_TYPE = YES_ERROR;
				GCC_WARN_UNDECLARED_SELECTOR = YES;
				GCC_WARN_UNINITIALIZED_AUTOS = YES_AGGRESSIVE;
				GCC_WARN_UNUSED_FUNCTION = YES;
				GCC_WARN_UNUSED_VARIABLE = YES;
				MTL_ENABLE_DEBUG_INFO = NO;
				MTL_FAST_MATH = YES;
			};
			name = Release;
		};
		5F2E2EF421D5CB1C007A8482 /* Debug */ = {
			isa = XCBuildConfiguration;
			buildSettings = {
				CODE_SIGN_STYLE = Automatic;
				DEBUGGING_SYMBOLS = YES;
				DEBUG_INFORMATION_FORMAT = dwarf;
				DEVELOPMENT_TEAM = 5CXXA9F47J;
				GCC_GENERATE_DEBUGGING_SYMBOLS = YES;
				GCC_OPTIMIZATION_LEVEL = 0;
				OTHER_CFLAGS = "";
				OTHER_LDFLAGS = "";
				PRODUCT_NAME = "$(TARGET_NAME)";
			};
			name = Debug;
		};
		5F2E2EF521D5CB1C007A8482 /* Release */ = {
			isa = XCBuildConfiguration;
			buildSettings = {
				CODE_SIGN_STYLE = Automatic;
				DEBUG_INFORMATION_FORMAT = "dwarf-with-dsym";
				DEVELOPMENT_TEAM = 5CXXA9F47J;
				OTHER_CFLAGS = "";
				OTHER_LDFLAGS = "";
				PRODUCT_NAME = "$(TARGET_NAME)";
			};
			name = Release;
		};
		5F40C12321E78F1000E6F309 /* Debug */ = {
			isa = XCBuildConfiguration;
			buildSettings = {
				CLANG_CXX_LANGUAGE_STANDARD = "gnu++17";
				CLANG_CXX_LIBRARY = "libc++";
				CODE_SIGN_IDENTITY = "Mac Developer";
				CODE_SIGN_STYLE = Automatic;
				DEVELOPMENT_TEAM = 5CXXA9F47J;
				HEADER_SEARCH_PATHS = libexfat;
				LIBRARY_SEARCH_PATHS = "";
				MACOSX_DEPLOYMENT_TARGET = 10.13;
				OTHER_LDFLAGS = libexfat/libexfat.a;
				PRODUCT_NAME = "$(TARGET_NAME)";
				SDKROOT = macosx;
				VALID_ARCHS = x86_64;
			};
			name = Debug;
		};
		5F40C12421E78F1000E6F309 /* Release */ = {
			isa = XCBuildConfiguration;
			buildSettings = {
				CLANG_CXX_LANGUAGE_STANDARD = "gnu++17";
				CLANG_CXX_LIBRARY = "libc++";
				CODE_SIGN_IDENTITY = "Mac Developer";
				CODE_SIGN_STYLE = Automatic;
				DEVELOPMENT_TEAM = 5CXXA9F47J;
				HEADER_SEARCH_PATHS = libexfat;
				LIBRARY_SEARCH_PATHS = "";
				MACOSX_DEPLOYMENT_TARGET = 10.13;
				OTHER_LDFLAGS = libexfat/libexfat.a;
				PRODUCT_NAME = "$(TARGET_NAME)";
				SDKROOT = macosx;
				VALID_ARCHS = x86_64;
			};
			name = Release;
		};
		5F6C032021DDC638009F3609 /* Debug */ = {
			isa = XCBuildConfiguration;
			buildSettings = {
				CODE_SIGN_IDENTITY = "Mac Developer";
				CODE_SIGN_STYLE = Automatic;
				DEVELOPMENT_TEAM = 5CXXA9F47J;
				MACOSX_DEPLOYMENT_TARGET = 10.13;
				PRODUCT_NAME = "$(TARGET_NAME)";
				SDKROOT = macosx;
			};
			name = Debug;
		};
		5F6C032121DDC638009F3609 /* Release */ = {
			isa = XCBuildConfiguration;
			buildSettings = {
				CODE_SIGN_IDENTITY = "Mac Developer";
				CODE_SIGN_STYLE = Automatic;
				DEVELOPMENT_TEAM = 5CXXA9F47J;
				MACOSX_DEPLOYMENT_TARGET = 10.13;
				PRODUCT_NAME = "$(TARGET_NAME)";
				SDKROOT = macosx;
			};
			name = Release;
		};
		5F7F9B2C220CC18E007A8482 /* Debug */ = {
			isa = XCBuildConfiguration;
			buildSettings = {
				CLANG_CXX_LANGUAGE_STANDARD = "c++0x";
				CODE_SIGN_IDENTITY = "Mac Developer";
				CODE_SIGN_STYLE = Automatic;
				DEVELOPMENT_TEAM = 5CXXA9F47J;
				DYLIB_COMPATIBILITY_VERSION = 1;
				DYLIB_CURRENT_VERSION = 1;
				EXECUTABLE_PREFIX = lib;
				GCC_ENABLE_CPP_EXCEPTIONS = YES;
				GCC_ENABLE_CPP_RTTI = YES;
				GCC_SYMBOLS_PRIVATE_EXTERN = YES;
				MACOSX_DEPLOYMENT_TARGET = 10.14;
				PRODUCT_NAME = exfat;
				SDKROOT = macosx;
				SKIP_INSTALL = YES;
				VALID_ARCHS = x86_64;
			};
			name = Debug;
		};
		5F7F9B2D220CC18E007A8482 /* Release */ = {
			isa = XCBuildConfiguration;
			buildSettings = {
				CLANG_CXX_LANGUAGE_STANDARD = "c++0x";
				CODE_SIGN_IDENTITY = "Mac Developer";
				CODE_SIGN_STYLE = Automatic;
				DEVELOPMENT_TEAM = 5CXXA9F47J;
				DYLIB_COMPATIBILITY_VERSION = 1;
				DYLIB_CURRENT_VERSION = 1;
				EXECUTABLE_PREFIX = lib;
				GCC_ENABLE_CPP_EXCEPTIONS = YES;
				GCC_ENABLE_CPP_RTTI = YES;
				GCC_SYMBOLS_PRIVATE_EXTERN = YES;
				MACOSX_DEPLOYMENT_TARGET = 10.14;
				PRODUCT_NAME = exfat;
				SDKROOT = macosx;
				SKIP_INSTALL = YES;
				VALID_ARCHS = x86_64;
			};
			name = Release;
		};
/* End XCBuildConfiguration section */

/* Begin XCConfigurationList section */
		5F2E2EEF21D5CB1C007A8482 /* Build configuration list for PBXProject "NuclearArmageddon" */ = {
			isa = XCConfigurationList;
			buildConfigurations = (
				5F2E2EF121D5CB1C007A8482 /* Debug */,
				5F2E2EF221D5CB1C007A8482 /* Release */,
			);
			defaultConfigurationIsVisible = 0;
			defaultConfigurationName = Release;
		};
		5F2E2EF321D5CB1C007A8482 /* Build configuration list for PBXLegacyTarget "NuclearArmageddon" */ = {
			isa = XCConfigurationList;
			buildConfigurations = (
				5F2E2EF421D5CB1C007A8482 /* Debug */,
				5F2E2EF521D5CB1C007A8482 /* Release */,
			);
			defaultConfigurationIsVisible = 0;
			defaultConfigurationName = Release;
		};
		5F40C12521E78F1000E6F309 /* Build configuration list for PBXNativeTarget "denukify" */ = {
			isa = XCConfigurationList;
			buildConfigurations = (
				5F40C12321E78F1000E6F309 /* Debug */,
				5F40C12421E78F1000E6F309 /* Release */,
			);
			defaultConfigurationIsVisible = 0;
			defaultConfigurationName = Release;
		};
		5F6C032221DDC638009F3609 /* Build configuration list for PBXNativeTarget "nuked" */ = {
			isa = XCConfigurationList;
			buildConfigurations = (
				5F6C032021DDC638009F3609 /* Debug */,
				5F6C032121DDC638009F3609 /* Release */,
			);
			defaultConfigurationIsVisible = 0;
			defaultConfigurationName = Release;
		};
		5F7F9B2B220CC18E007A8482 /* Build configuration list for PBXNativeTarget "libexfat" */ = {
			isa = XCConfigurationList;
			buildConfigurations = (
				5F7F9B2C220CC18E007A8482 /* Debug */,
				5F7F9B2D220CC18E007A8482 /* Release */,
			);
			defaultConfigurationIsVisible = 0;
			defaultConfigurationName = Release;
		};
/* End XCConfigurationList section */
	};
	rootObject = 5F2E2EEC21D5CB1C007A8482 /* Project object */;
}
